<Solution>
  <Folder Name="/Antlr4 and C3 things/">
    <Project Path="grammar/Antlr4C3.Generated/Antlr4C3.Generated.csproj" />
    <Project Path="src/Antlr4C3/Antlr4C3.csproj" />
    <Project Path="test/Antlr4C3.Tests/Antlr4C3.Tests.csproj" />
  </Folder>
  <Folder Name="/Providers/">
    <Project Path="Ob.Common/Ob.Common.csproj" />
    <Project Path="Ob.MySql/Ob.MySql.csproj" />
    <Project Path="Ob.PostgreSql/Ob.PostgreSql.csproj" />
    <Project Path="Ob.Sqlite/Ob.Sqlite.csproj" />
    <Project Path="Ob.SqlServer/Ob.SqlServer.csproj" />
  </Folder>
  <Project Path="SQL prototipo/SQL prototipo.csproj" />
</Solution>
